
Microsoft Visual Studio Solution File, Format Version 12.00
# Visual Studio 15
VisualStudioVersion = 15.0.28010.2046
MinimumVisualStudioVersion = 10.0.40219.1
Project("{FAE04EC0-301F-11D3-BF4B-00C04F79EFBC}") = "Lands.Android", "Lands\Lands.Android\Lands.Android.csproj", "{E05BCF80-4820-454E-A1B4-3198839BB90C}"
EndProject
Project("{FAE04EC0-301F-11D3-BF4B-00C04F79EFBC}") = "Lands.iOS", "Lands\Lands.iOS\Lands.iOS.csproj", "{45618470-549B-4BEF-9188-6ACD048AA74D}"
EndProject
Project("{FAE04EC0-301F-11D3-BF4B-00C04F79EFBC}") = "Lands", "Lands\Lands\Lands.csproj", "{6BF08056-6AB0-4109-B452-971E0F9BAC12}"
EndProject
Global
	GlobalSection(SolutionConfigurationPlatforms) = preSolution
		Ad-Hoc|Any CPU = Ad-Hoc|Any CPU
		Ad-Hoc|iPhone = Ad-Hoc|iPhone
		Ad-Hoc|iPhoneSimulator = Ad-Hoc|iPhoneSimulator
		AppStore|Any CPU = AppStore|Any CPU
		AppStore|iPhone = AppStore|iPhone
		AppStore|iPhoneSimulator = AppStore|iPhoneSimulator
		Debug|Any CPU = Debug|Any CPU
		Debug|iPhone = Debug|iPhone
		Debug|iPhoneSimulator = Debug|iPhoneSimulator
		Release|Any CPU = Release|Any CPU
		Release|iPhone = Release|iPhone
		Release|iPhoneSimulator = Release|iPhoneSimulator
	EndGlobalSection
	GlobalSection(ProjectConfigurationPlatforms) = postSolution
		{E05BCF80-4820-454E-A1B4-3198839BB90C}.Ad-Hoc|Any CPU.ActiveCfg = Release|Any CPU
		{E05BCF80-4820-454E-A1B4-3198839BB90C}.Ad-Hoc|Any CPU.Build.0 = Release|Any CPU
		{E05BCF80-4820-454E-A1B4-3198839BB90C}.Ad-Hoc|Any CPU.Deploy.0 = Release|Any CPU
		{E05BCF80-4820-454E-A1B4-3198839BB90C}.Ad-Hoc|iPhone.ActiveCfg = Release|Any CPU
		{E05BCF80-4820-454E-A1B4-3198839BB90C}.Ad-Hoc|iPhone.Build.0 = Release|Any CPU
		{E05BCF80-4820-454E-A1B4-3198839BB90C}.Ad-Hoc|iPhone.Deploy.0 = Release|Any CPU
		{E05BCF80-4820-454E-A1B4-3198839BB90C}.Ad-Hoc|iPhoneSimulator.ActiveCfg = Release|Any CPU
		{E05BCF80-4820-454E-A1B4-3198839BB90C}.Ad-Hoc|iPhoneSimulator.Build.0 = Release|Any CPU
		{E05BCF80-4820-454E-A1B4-3198839BB90C}.Ad-Hoc|iPhoneSimulator.Deploy.0 = Release|Any CPU
		{E05BCF80-4820-454E-A1B4-3198839BB90C}.AppStore|Any CPU.ActiveCfg = Release|Any CPU
		{E05BCF80-4820-454E-A1B4-3198839BB90C}.AppStore|Any CPU.Build.0 = Release|Any CPU
		{E05BCF80-4820-454E-A1B4-3198839BB90C}.AppStore|Any CPU.Deploy.0 = Release|Any CPU
		{E05BCF80-4820-454E-A1B4-3198839BB90C}.AppStore|iPhone.ActiveCfg = Release|Any CPU
		{E05BCF80-4820-454E-A1B4-3198839BB90C}.AppStore|iPhone.Build.0 = Release|Any CPU
		{E05BCF80-4820-454E-A1B4-3198839BB90C}.AppStore|iPhone.Deploy.0 = Release|Any CPU
		{E05BCF80-4820-454E-A1B4-3198839BB90C}.AppStore|iPhoneSimulator.ActiveCfg = Release|Any CPU
		{E05BCF80-4820-454E-A1B4-3198839BB90C}.AppStore|iPhoneSimulator.Build.0 = Release|Any CPU
		{E05BCF80-4820-454E-A1B4-3198839BB90C}.AppStore|iPhoneSimulator.Deploy.0 = Release|Any CPU
		{E05BCF80-4820-454E-A1B4-3198839BB90C}.Debug|Any CPU.ActiveCfg = Debug|Any CPU
		{E05BCF80-4820-454E-A1B4-3198839BB90C}.Debug|Any CPU.Build.0 = Debug|Any CPU
		{E05BCF80-4820-454E-A1B4-3198839BB90C}.Debug|Any CPU.Deploy.0 = Debug|Any CPU
		{E05BCF80-4820-454E-A1B4-3198839BB90C}.Debug|iPhone.ActiveCfg = Debug|Any CPU
		{E05BCF80-4820-454E-A1B4-3198839BB90C}.Debug|iPhone.Build.0 = Debug|Any CPU
		{E05BCF80-4820-454E-A1B4-3198839BB90C}.Debug|iPhone.Deploy.0 = Debug|Any CPU
		{E05BCF80-4820-454E-A1B4-3198839BB90C}.Debug|iPhoneSimulator.ActiveCfg = Debug|Any CPU
		{E05BCF80-4820-454E-A1B4-3198839BB90C}.Debug|iPhoneSimulator.Build.0 = Debug|Any CPU
		{E05BCF80-4820-454E-A1B4-3198839BB90C}.Debug|iPhoneSimulator.Deploy.0 = Debug|Any CPU
		{E05BCF80-4820-454E-A1B4-3198839BB90C}.Release|Any CPU.ActiveCfg = Release|Any CPU
		{E05BCF80-4820-454E-A1B4-3198839BB90C}.Release|Any CPU.Build.0 = Release|Any CPU
		{E05BCF80-4820-454E-A1B4-3198839BB90C}.Release|Any CPU.Deploy.0 = Release|Any CPU
		{E05BCF80-4820-454E-A1B4-3198839BB90C}.Release|iPhone.ActiveCfg = Release|Any CPU
		{E05BCF80-4820-454E-A1B4-3198839BB90C}.Release|iPhone.Build.0 = Release|Any CPU
		{E05BCF80-4820-454E-A1B4-3198839BB90C}.Release|iPhone.Deploy.0 = Release|Any CPU
		{E05BCF80-4820-454E-A1B4-3198839BB90C}.Release|iPhoneSimulator.ActiveCfg = Release|Any CPU
		{E05BCF80-4820-454E-A1B4-3198839BB90C}.Release|iPhoneSimulator.Build.0 = Release|Any CPU
		{E05BCF80-4820-454E-A1B4-3198839BB90C}.Release|iPhoneSimulator.Deploy.0 = Release|Any CPU
		{45618470-549B-4BEF-9188-6ACD048AA74D}.Ad-Hoc|Any CPU.ActiveCfg = Ad-Hoc|iPhone
		{45618470-549B-4BEF-9188-6ACD048AA74D}.Ad-Hoc|Any CPU.Build.0 = Ad-Hoc|iPhone
		{45618470-549B-4BEF-9188-6ACD048AA74D}.Ad-Hoc|Any CPU.Deploy.0 = Ad-Hoc|iPhone
		{45618470-549B-4BEF-9188-6ACD048AA74D}.Ad-Hoc|iPhone.ActiveCfg = Ad-Hoc|iPhone
		{45618470-549B-4BEF-9188-6ACD048AA74D}.Ad-Hoc|iPhone.Build.0 = Ad-Hoc|iPhone
		{45618470-549B-4BEF-9188-6ACD048AA74D}.Ad-Hoc|iPhone.Deploy.0 = Ad-Hoc|iPhone
		{45618470-549B-4BEF-9188-6ACD048AA74D}.Ad-Hoc|iPhoneSimulator.ActiveCfg = Ad-Hoc|iPhoneSimulator
		{45618470-549B-4BEF-9188-6ACD048AA74D}.Ad-Hoc|iPhoneSimulator.Build.0 = Ad-Hoc|iPhoneSimulator
		{45618470-549B-4BEF-9188-6ACD048AA74D}.Ad-Hoc|iPhoneSimulator.Deploy.0 = Ad-Hoc|iPhoneSimulator
		{45618470-549B-4BEF-9188-6ACD048AA74D}.AppStore|Any CPU.ActiveCfg = AppStore|iPhone
		{45618470-549B-4BEF-9188-6ACD048AA74D}.AppStore|Any CPU.Build.0 = AppStore|iPhone
		{45618470-549B-4BEF-9188-6ACD048AA74D}.AppStore|Any CPU.Deploy.0 = AppStore|iPhone
		{45618470-549B-4BEF-9188-6ACD048AA74D}.AppStore|iPhone.ActiveCfg = AppStore|iPhone
		{45618470-549B-4BEF-9188-6ACD048AA74D}.AppStore|iPhone.Build.0 = AppStore|iPhone
		{45618470-549B-4BEF-9188-6ACD048AA74D}.AppStore|iPhone.Deploy.0 = AppStore|iPhone
		{45618470-549B-4BEF-9188-6ACD048AA74D}.AppStore|iPhoneSimulator.ActiveCfg = AppStore|iPhoneSimulator
		{45618470-549B-4BEF-9188-6ACD048AA74D}.AppStore|iPhoneSimulator.Build.0 = AppStore|iPhoneSimulator
		{45618470-549B-4BEF-9188-6ACD048AA74D}.AppStore|iPhoneSimulator.Deploy.0 = AppStore|iPhoneSimulator
		{45618470-549B-4BEF-9188-6ACD048AA74D}.Debug|Any CPU.ActiveCfg = Debug|iPhoneSimulator
		{45618470-549B-4BEF-9188-6ACD048AA74D}.Debug|Any CPU.Build.0 = Debug|iPhoneSimulator
		{45618470-549B-4BEF-9188-6ACD048AA74D}.Debug|Any CPU.Deploy.0 = Debug|iPhoneSimulator
		{45618470-549B-4BEF-9188-6ACD048AA74D}.Debug|iPhone.ActiveCfg = Debug|iPhone
		{45618470-549B-4BEF-9188-6ACD048AA74D}.Debug|iPhone.Build.0 = Debug|iPhone
		{45618470-549B-4BEF-9188-6ACD048AA74D}.Debug|iPhone.Deploy.0 = Debug|iPhone
		{45618470-549B-4BEF-9188-6ACD048AA74D}.Debug|iPhoneSimulator.ActiveCfg = Debug|iPhoneSimulator
		{45618470-549B-4BEF-9188-6ACD048AA74D}.Debug|iPhoneSimulator.Build.0 = Debug|iPhoneSimulator
		{45618470-549B-4BEF-9188-6ACD048AA74D}.Debug|iPhoneSimulator.Deploy.0 = Debug|iPhoneSimulator
		{45618470-549B-4BEF-9188-6ACD048AA74D}.Release|Any CPU.ActiveCfg = Release|iPhone
		{45618470-549B-4BEF-9188-6ACD048AA74D}.Release|Any CPU.Build.0 = Release|iPhone
		{45618470-549B-4BEF-9188-6ACD048AA74D}.Release|Any CPU.Deploy.0 = Release|iPhone
		{45618470-549B-4BEF-9188-6ACD048AA74D}.Release|iPhone.ActiveCfg = Release|iPhone
		{45618470-549B-4BEF-9188-6ACD048AA74D}.Release|iPhone.Build.0 = Release|iPhone
		{45618470-549B-4BEF-9188-6ACD048AA74D}.Release|iPhone.Deploy.0 = Release|iPhone
		{45618470-549B-4BEF-9188-6ACD048AA74D}.Release|iPhoneSimulator.ActiveCfg = Release|iPhoneSimulator
		{45618470-549B-4BEF-9188-6ACD048AA74D}.Release|iPhoneSimulator.Build.0 = Release|iPhoneSimulator
		{45618470-549B-4BEF-9188-6ACD048AA74D}.Release|iPhoneSimulator.Deploy.0 = Release|iPhoneSimulator
		{6BF08056-6AB0-4109-B452-971E0F9BAC12}.Ad-Hoc|Any CPU.ActiveCfg = Debug|Any CPU
		{6BF08056-6AB0-4109-B452-971E0F9BAC12}.Ad-Hoc|Any CPU.Build.0 = Debug|Any CPU
		{6BF08056-6AB0-4109-B452-971E0F9BAC12}.Ad-Hoc|Any CPU.Deploy.0 = Debug|Any CPU
		{6BF08056-6AB0-4109-B452-971E0F9BAC12}.Ad-Hoc|iPhone.ActiveCfg = Debug|Any CPU
		{6BF08056-6AB0-4109-B452-971E0F9BAC12}.Ad-Hoc|iPhone.Build.0 = Debug|Any CPU
		{6BF08056-6AB0-4109-B452-971E0F9BAC12}.Ad-Hoc|iPhone.Deploy.0 = Debug|Any CPU
		{6BF08056-6AB0-4109-B452-971E0F9BAC12}.Ad-Hoc|iPhoneSimulator.ActiveCfg = Debug|Any CPU
		{6BF08056-6AB0-4109-B452-971E0F9BAC12}.Ad-Hoc|iPhoneSimulator.Build.0 = Debug|Any CPU
		{6BF08056-6AB0-4109-B452-971E0F9BAC12}.Ad-Hoc|iPhoneSimulator.Deploy.0 = Debug|Any CPU
		{6BF08056-6AB0-4109-B452-971E0F9BAC12}.AppStore|Any CPU.ActiveCfg = Debug|Any CPU
		{6BF08056-6AB0-4109-B452-971E0F9BAC12}.AppStore|Any CPU.Build.0 = Debug|Any CPU
		{6BF08056-6AB0-4109-B452-971E0F9BAC12}.AppStore|Any CPU.Deploy.0 = Debug|Any CPU
		{6BF08056-6AB0-4109-B452-971E0F9BAC12}.AppStore|iPhone.ActiveCfg = Debug|Any CPU
		{6BF08056-6AB0-4109-B452-971E0F9BAC12}.AppStore|iPhone.Build.0 = Debug|Any CPU
		{6BF08056-6AB0-4109-B452-971E0F9BAC12}.AppStore|iPhone.Deploy.0 = Debug|Any CPU
		{6BF08056-6AB0-4109-B452-971E0F9BAC12}.AppStore|iPhoneSimulator.ActiveCfg = Debug|Any CPU
		{6BF08056-6AB0-4109-B452-971E0F9BAC12}.AppStore|iPhoneSimulator.Build.0 = Debug|Any CPU
		{6BF08056-6AB0-4109-B452-971E0F9BAC12}.AppStore|iPhoneSimulator.Deploy.0 = Debug|Any CPU
		{6BF08056-6AB0-4109-B452-971E0F9BAC12}.Debug|Any CPU.ActiveCfg = Debug|Any CPU
		{6BF08056-6AB0-4109-B452-971E0F9BAC12}.Debug|Any CPU.Build.0 = Debug|Any CPU
		{6BF08056-6AB0-4109-B452-971E0F9BAC12}.Debug|Any CPU.Deploy.0 = Debug|Any CPU
		{6BF08056-6AB0-4109-B452-971E0F9BAC12}.Debug|iPhone.ActiveCfg = Debug|Any CPU
		{6BF08056-6AB0-4109-B452-971E0F9BAC12}.Debug|iPhone.Build.0 = Debug|Any CPU
		{6BF08056-6AB0-4109-B452-971E0F9BAC12}.Debug|iPhone.Deploy.0 = Debug|Any CPU
		{6BF08056-6AB0-4109-B452-971E0F9BAC12}.Debug|iPhoneSimulator.ActiveCfg = Debug|Any CPU
		{6BF08056-6AB0-4109-B452-971E0F9BAC12}.Debug|iPhoneSimulator.Build.0 = Debug|Any CPU
		{6BF08056-6AB0-4109-B452-971E0F9BAC12}.Debug|iPhoneSimulator.Deploy.0 = Debug|Any CPU
		{6BF08056-6AB0-4109-B452-971E0F9BAC12}.Release|Any CPU.ActiveCfg = Release|Any CPU
		{6BF08056-6AB0-4109-B452-971E0F9BAC12}.Release|Any CPU.Build.0 = Release|Any CPU
		{6BF08056-6AB0-4109-B452-971E0F9BAC12}.Release|Any CPU.Deploy.0 = Release|Any CPU
		{6BF08056-6AB0-4109-B452-971E0F9BAC12}.Release|iPhone.ActiveCfg = Release|Any CPU
		{6BF08056-6AB0-4109-B452-971E0F9BAC12}.Release|iPhone.Build.0 = Release|Any CPU
		{6BF08056-6AB0-4109-B452-971E0F9BAC12}.Release|iPhone.Deploy.0 = Release|Any CPU
		{6BF08056-6AB0-4109-B452-971E0F9BAC12}.Release|iPhoneSimulator.ActiveCfg = Release|Any CPU
		{6BF08056-6AB0-4109-B452-971E0F9BAC12}.Release|iPhoneSimulator.Build.0 = Release|Any CPU
		{6BF08056-6AB0-4109-B452-971E0F9BAC12}.Release|iPhoneSimulator.Deploy.0 = Release|Any CPU
	EndGlobalSection
	GlobalSection(SolutionProperties) = preSolution
		HideSolutionNode = FALSE
	EndGlobalSection
	GlobalSection(ExtensibilityGlobals) = postSolution
		SolutionGuid = {26996F91-740D-48E8-A9BB-BE49977A8948}
	EndGlobalSection
EndGlobal
